
Microsoft Visual Studio Solution File, Format Version 12.00
# Visual Studio 15
VisualStudioVersion = 15.0.27004.2002
MinimumVisualStudioVersion = 10.0.40219.1
Project("{FAE04EC0-301F-11D3-BF4B-00C04F79EFBC}") = "Design Paterns", "Design Paterns\Design Paterns.csproj", "{59797672-B5BB-484E-B0FE-A722158492FC}"
EndProject
Global
	GlobalSection(SolutionConfigurationPlatforms) = preSolution
		Debug|Any CPU = Debug|Any CPU
		Release|Any CPU = Release|Any CPU
	EndGlobalSection
	GlobalSection(ProjectConfigurationPlatforms) = postSolution
		{59797672-B5BB-484E-B0FE-A722158492FC}.Debug|Any CPU.ActiveCfg = Debug|Any CPU
		{59797672-B5BB-484E-B0FE-A722158492FC}.Debug|Any CPU.Build.0 = Debug|Any CPU
		{59797672-B5BB-484E-B0FE-A722158492FC}.Release|Any CPU.ActiveCfg = Release|Any CPU
		{59797672-B5BB-484E-B0FE-A722158492FC}.Release|Any CPU.Build.0 = Release|Any CPU
	EndGlobalSection
	GlobalSection(SolutionProperties) = preSolution
		HideSolutionNode = FALSE
	EndGlobalSection
	GlobalSection(ExtensibilityGlobals) = postSolution
		SolutionGuid = {599B58A5-1DA1-427F-AC12-E719B8AE9776}
	EndGlobalSection
EndGlobal
